// !$*UTF8*$!
{
	archiveVersion = 1;
	classes = {
	};
	objectVersion = 46;
	objects = {

/* Begin PBXBuildFile section */
		1734E3A01EC070BE00359F14 /* TableViewController.swift in Sources */ = {isa = PBXBuildFile; fileRef = 1734E39F1EC070BE00359F14 /* TableViewController.swift */; };
		17B60ED81E8B0A92003B4A2F /* AppDelegate.swift in Sources */ = {isa = PBXBuildFile; fileRef = 17B60ED71E8B0A92003B4A2F /* AppDelegate.swift */; };
		17B60EDD1E8B0A92003B4A2F /* Main.storyboard in Resources */ = {isa = PBXBuildFile; fileRef = 17B60EDB1E8B0A92003B4A2F /* Main.storyboard */; };
		17B60EDF1E8B0A92003B4A2F /* Assets.xcassets in Resources */ = {isa = PBXBuildFile; fileRef = 17B60EDE1E8B0A92003B4A2F /* Assets.xcassets */; };
		17B60EE21E8B0A92003B4A2F /* LaunchScreen.storyboard in Resources */ = {isa = PBXBuildFile; fileRef = 17B60EE01E8B0A92003B4A2F /* LaunchScreen.storyboard */; };
		17B60EED1E8B0A92003B4A2F /* AdMob_dhbwTests.swift in Sources */ = {isa = PBXBuildFile; fileRef = 17B60EEC1E8B0A92003B4A2F /* AdMob_dhbwTests.swift */; };
		17B60EF81E8B0A92003B4A2F /* AdMob_dhbwUITests.swift in Sources */ = {isa = PBXBuildFile; fileRef = 17B60EF71E8B0A92003B4A2F /* AdMob_dhbwUITests.swift */; };
		40101AAF0A8E006DFC81AC5A /* Pods_AdMob_dhbw.framework in Frameworks */ = {isa = PBXBuildFile; fileRef = E2EC7F3A079AF45BF2A45740 /* Pods_AdMob_dhbw.framework */; };
		5D954B9485C3B5663A3B817D /* Pods_AdMob_dhbwTests.framework in Frameworks */ = {isa = PBXBuildFile; fileRef = 60518CD960996EFAEAEB8AE1 /* Pods_AdMob_dhbwTests.framework */; };
		B5C8B696C633D27B087D438A /* Pods_AdMob_dhbwUITests.framework in Frameworks */ = {isa = PBXBuildFile; fileRef = 10B453BC12B8F04D31D43641 /* Pods_AdMob_dhbwUITests.framework */; };
/* End PBXBuildFile section */

/* Begin PBXContainerItemProxy section */
		17B60EE91E8B0A92003B4A2F /* PBXContainerItemProxy */ = {
			isa = PBXContainerItemProxy;
			containerPortal = 17B60ECC1E8B0A92003B4A2F /* Project object */;
			proxyType = 1;
			remoteGlobalIDString = 17B60ED31E8B0A92003B4A2F;
			remoteInfo = AdMob_dhbw;
		};
		17B60EF41E8B0A92003B4A2F /* PBXContainerItemProxy */ = {
			isa = PBXContainerItemProxy;
			containerPortal = 17B60ECC1E8B0A92003B4A2F /* Project object */;
			proxyType = 1;
			remoteGlobalIDString = 17B60ED31E8B0A92003B4A2F;
			remoteInfo = AdMob_dhbw;
		};
/* End PBXContainerItemProxy section */

/* Begin PBXFileReference section */
		10B453BC12B8F04D31D43641 /* Pods_AdMob_dhbwUITests.framework */ = {isa = PBXFileReference; explicitFileType = wrapper.framework; includeInIndex = 0; path = Pods_AdMob_dhbwUITests.framework; sourceTree = BUILT_PRODUCTS_DIR; };
		1734E39F1EC070BE00359F14 /* TableViewController.swift */ = {isa = PBXFileReference; fileEncoding = 4; lastKnownFileType = sourcecode.swift; path = TableViewController.swift; sourceTree = "<group>"; };
		17B60ED41E8B0A92003B4A2F /* AdMob_dhbw.app */ = {isa = PBXFileReference; explicitFileType = wrapper.application; includeInIndex = 0; path = AdMob_dhbw.app; sourceTree = BUILT_PRODUCTS_DIR; };
		17B60ED71E8B0A92003B4A2F /* AppDelegate.swift */ = {isa = PBXFileReference; lastKnownFileType = sourcecode.swift; path = AppDelegate.swift; sourceTree = "<group>"; };
		17B60EDC1E8B0A92003B4A2F /* Base */ = {isa = PBXFileReference; lastKnownFileType = file.storyboard; name = Base; path = Base.lproj/Main.storyboard; sourceTree = "<group>"; };
		17B60EDE1E8B0A92003B4A2F /* Assets.xcassets */ = {isa = PBXFileReference; lastKnownFileType = folder.assetcatalog; path = Assets.xcassets; sourceTree = "<group>"; };
		17B60EE11E8B0A92003B4A2F /* Base */ = {isa = PBXFileReference; lastKnownFileType = file.storyboard; name = Base; path = Base.lproj/LaunchScreen.storyboard; sourceTree = "<group>"; };
		17B60EE31E8B0A92003B4A2F /* Info.plist */ = {isa = PBXFileReference; lastKnownFileType = text.plist.xml; path = Info.plist; sourceTree = "<group>"; };
		17B60EE81E8B0A92003B4A2F /* AdMob_dhbwTests.xctest */ = {isa = PBXFileReference; explicitFileType = wrapper.cfbundle; includeInIndex = 0; path = AdMob_dhbwTests.xctest; sourceTree = BUILT_PRODUCTS_DIR; };
		17B60EEC1E8B0A92003B4A2F /* AdMob_dhbwTests.swift */ = {isa = PBXFileReference; lastKnownFileType = sourcecode.swift; path = AdMob_dhbwTests.swift; sourceTree = "<group>"; };
		17B60EEE1E8B0A92003B4A2F /* Info.plist */ = {isa = PBXFileReference; lastKnownFileType = text.plist.xml; path = Info.plist; sourceTree = "<group>"; };
		17B60EF31E8B0A92003B4A2F /* AdMob_dhbwUITests.xctest */ = {isa = PBXFileReference; explicitFileType = wrapper.cfbundle; includeInIndex = 0; path = AdMob_dhbwUITests.xctest; sourceTree = BUILT_PRODUCTS_DIR; };
		17B60EF71E8B0A92003B4A2F /* AdMob_dhbwUITests.swift */ = {isa = PBXFileReference; lastKnownFileType = sourcecode.swift; path = AdMob_dhbwUITests.swift; sourceTree = "<group>"; };
		17B60EF91E8B0A92003B4A2F /* Info.plist */ = {isa = PBXFileReference; lastKnownFileType = text.plist.xml; path = Info.plist; sourceTree = "<group>"; };
		49DED5188576BDA429F71EEF /* Pods-AdMob_dhbwUITests.debug.xcconfig */ = {isa = PBXFileReference; includeInIndex = 1; lastKnownFileType = text.xcconfig; name = "Pods-AdMob_dhbwUITests.debug.xcconfig"; path = "Pods/Target Support Files/Pods-AdMob_dhbwUITests/Pods-AdMob_dhbwUITests.debug.xcconfig"; sourceTree = "<group>"; };
		60518CD960996EFAEAEB8AE1 /* Pods_AdMob_dhbwTests.framework */ = {isa = PBXFileReference; explicitFileType = wrapper.framework; includeInIndex = 0; path = Pods_AdMob_dhbwTests.framework; sourceTree = BUILT_PRODUCTS_DIR; };
		7952FB199D7D046F7DE5AD7A /* Pods-AdMob_dhbwTests.release.xcconfig */ = {isa = PBXFileReference; includeInIndex = 1; lastKnownFileType = text.xcconfig; name = "Pods-AdMob_dhbwTests.release.xcconfig"; path = "Pods/Target Support Files/Pods-AdMob_dhbwTests/Pods-AdMob_dhbwTests.release.xcconfig"; sourceTree = "<group>"; };
		814CA75D1C5B988DB52B649E /* Pods-AdMob_dhbwTests.debug.xcconfig */ = {isa = PBXFileReference; includeInIndex = 1; lastKnownFileType = text.xcconfig; name = "Pods-AdMob_dhbwTests.debug.xcconfig"; path = "Pods/Target Support Files/Pods-AdMob_dhbwTests/Pods-AdMob_dhbwTests.debug.xcconfig"; sourceTree = "<group>"; };
		85CC5B999D8DCCF39C98F588 /* Pods-AdMob_dhbw.debug.xcconfig */ = {isa = PBXFileReference; includeInIndex = 1; lastKnownFileType = text.xcconfig; name = "Pods-AdMob_dhbw.debug.xcconfig"; path = "Pods/Target Support Files/Pods-AdMob_dhbw/Pods-AdMob_dhbw.debug.xcconfig"; sourceTree = "<group>"; };
		B5655D859173168081095780 /* Pods-AdMob_dhbw.release.xcconfig */ = {isa = PBXFileReference; includeInIndex = 1; lastKnownFileType = text.xcconfig; name = "Pods-AdMob_dhbw.release.xcconfig"; path = "Pods/Target Support Files/Pods-AdMob_dhbw/Pods-AdMob_dhbw.release.xcconfig"; sourceTree = "<group>"; };
		D48E5C11B3694546D7BE2AF9 /* Pods-AdMob_dhbwUITests.release.xcconfig */ = {isa = PBXFileReference; includeInIndex = 1; lastKnownFileType = text.xcconfig; name = "Pods-AdMob_dhbwUITests.release.xcconfig"; path = "Pods/Target Support Files/Pods-AdMob_dhbwUITests/Pods-AdMob_dhbwUITests.release.xcconfig"; sourceTree = "<group>"; };
		E2EC7F3A079AF45BF2A45740 /* Pods_AdMob_dhbw.framework */ = {isa = PBXFileReference; explicitFileType = wrapper.framework; includeInIndex = 0; path = Pods_AdMob_dhbw.framework; sourceTree = BUILT_PRODUCTS_DIR; };
/* End PBXFileReference section */

/* Begin PBXFrameworksBuildPhase section */
		17B60ED11E8B0A92003B4A2F /* Frameworks */ = {
			isa = PBXFrameworksBuildPhase;
			buildActionMask = 2147483647;
			files = (
				40101AAF0A8E006DFC81AC5A /* Pods_AdMob_dhbw.framework in Frameworks */,
			);
			runOnlyForDeploymentPostprocessing = 0;
		};
		17B60EE51E8B0A92003B4A2F /* Frameworks */ = {
			isa = PBXFrameworksBuildPhase;
			buildActionMask = 2147483647;
			files = (
				5D954B9485C3B5663A3B817D /* Pods_AdMob_dhbwTests.framework in Frameworks */,
			);
			runOnlyForDeploymentPostprocessing = 0;
		};
		17B60EF01E8B0A92003B4A2F /* Frameworks */ = {
			isa = PBXFrameworksBuildPhase;
			buildActionMask = 2147483647;
			files = (
				B5C8B696C633D27B087D438A /* Pods_AdMob_dhbwUITests.framework in Frameworks */,
			);
			runOnlyForDeploymentPostprocessing = 0;
		};
/* End PBXFrameworksBuildPhase section */

/* Begin PBXGroup section */
		17B60ECB1E8B0A92003B4A2F = {
			isa = PBXGroup;
			children = (
				17B60ED61E8B0A92003B4A2F /* AdMob_dhbw */,
				17B60EEB1E8B0A92003B4A2F /* AdMob_dhbwTests */,
				17B60EF61E8B0A92003B4A2F /* AdMob_dhbwUITests */,
				17B60ED51E8B0A92003B4A2F /* Products */,
				94582C84C1EEE23E1DFBA58F /* Pods */,
				8F7F3716279D5F951FB90AC6 /* Frameworks */,
			);
			sourceTree = "<group>";
		};
		17B60ED51E8B0A92003B4A2F /* Products */ = {
			isa = PBXGroup;
			children = (
				17B60ED41E8B0A92003B4A2F /* AdMob_dhbw.app */,
				17B60EE81E8B0A92003B4A2F /* AdMob_dhbwTests.xctest */,
				17B60EF31E8B0A92003B4A2F /* AdMob_dhbwUITests.xctest */,
			);
			name = Products;
			sourceTree = "<group>";
		};
		17B60ED61E8B0A92003B4A2F /* AdMob_dhbw */ = {
			isa = PBXGroup;
			children = (
				17B60ED71E8B0A92003B4A2F /* AppDelegate.swift */,
				1734E39F1EC070BE00359F14 /* TableViewController.swift */,
				17B60EDB1E8B0A92003B4A2F /* Main.storyboard */,
				17B60EDE1E8B0A92003B4A2F /* Assets.xcassets */,
				17B60EE01E8B0A92003B4A2F /* LaunchScreen.storyboard */,
				17B60EE31E8B0A92003B4A2F /* Info.plist */,
			);
			path = AdMob_dhbw;
			sourceTree = "<group>";
		};
		17B60EEB1E8B0A92003B4A2F /* AdMob_dhbwTests */ = {
			isa = PBXGroup;
			children = (
				17B60EEC1E8B0A92003B4A2F /* AdMob_dhbwTests.swift */,
				17B60EEE1E8B0A92003B4A2F /* Info.plist */,
			);
			path = AdMob_dhbwTests;
			sourceTree = "<group>";
		};
		17B60EF61E8B0A92003B4A2F /* AdMob_dhbwUITests */ = {
			isa = PBXGroup;
			children = (
				17B60EF71E8B0A92003B4A2F /* AdMob_dhbwUITests.swift */,
				17B60EF91E8B0A92003B4A2F /* Info.plist */,
			);
			path = AdMob_dhbwUITests;
			sourceTree = "<group>";
		};
		8F7F3716279D5F951FB90AC6 /* Frameworks */ = {
			isa = PBXGroup;
			children = (
				E2EC7F3A079AF45BF2A45740 /* Pods_AdMob_dhbw.framework */,
				60518CD960996EFAEAEB8AE1 /* Pods_AdMob_dhbwTests.framework */,
				10B453BC12B8F04D31D43641 /* Pods_AdMob_dhbwUITests.framework */,
			);
			name = Frameworks;
			sourceTree = "<group>";
		};
		94582C84C1EEE23E1DFBA58F /* Pods */ = {
			isa = PBXGroup;
			children = (
				85CC5B999D8DCCF39C98F588 /* Pods-AdMob_dhbw.debug.xcconfig */,
				B5655D859173168081095780 /* Pods-AdMob_dhbw.release.xcconfig */,
				814CA75D1C5B988DB52B649E /* Pods-AdMob_dhbwTests.debug.xcconfig */,
				7952FB199D7D046F7DE5AD7A /* Pods-AdMob_dhbwTests.release.xcconfig */,
				49DED5188576BDA429F71EEF /* Pods-AdMob_dhbwUITests.debug.xcconfig */,
				D48E5C11B3694546D7BE2AF9 /* Pods-AdMob_dhbwUITests.release.xcconfig */,
			);
			name = Pods;
			sourceTree = "<group>";
		};
/* End PBXGroup section */

/* Begin PBXNativeTarget section */
		17B60ED31E8B0A92003B4A2F /* AdMob_dhbw */ = {
			isa = PBXNativeTarget;
			buildConfigurationList = 17B60EFC1E8B0A92003B4A2F /* Build configuration list for PBXNativeTarget "AdMob_dhbw" */;
			buildPhases = (
				6DFACDFAA2D2FF53CEBD7A49 /* [CP] Check Pods Manifest.lock */,
				17B60ED01E8B0A92003B4A2F /* Sources */,
				17B60ED11E8B0A92003B4A2F /* Frameworks */,
				17B60ED21E8B0A92003B4A2F /* Resources */,
				90F428B1F8178ED5BCE51573 /* [CP] Embed Pods Frameworks */,
				FD421EC24FAC14EDD34638E2 /* [CP] Copy Pods Resources */,
			);
			buildRules = (
			);
			dependencies = (
			);
			name = AdMob_dhbw;
			productName = AdMob_dhbw;
			productReference = 17B60ED41E8B0A92003B4A2F /* AdMob_dhbw.app */;
			productType = "com.apple.product-type.application";
		};
		17B60EE71E8B0A92003B4A2F /* AdMob_dhbwTests */ = {
			isa = PBXNativeTarget;
			buildConfigurationList = 17B60EFF1E8B0A92003B4A2F /* Build configuration list for PBXNativeTarget "AdMob_dhbwTests" */;
			buildPhases = (
				81DB77D73F51EBFB9FDE3669 /* [CP] Check Pods Manifest.lock */,
				17B60EE41E8B0A92003B4A2F /* Sources */,
				17B60EE51E8B0A92003B4A2F /* Frameworks */,
				17B60EE61E8B0A92003B4A2F /* Resources */,
				6D492479341965EFD90CA077 /* [CP] Embed Pods Frameworks */,
				7B999B60AD304798C755D8E2 /* [CP] Copy Pods Resources */,
			);
			buildRules = (
			);
			dependencies = (
				17B60EEA1E8B0A92003B4A2F /* PBXTargetDependency */,
			);
			name = AdMob_dhbwTests;
			productName = AdMob_dhbwTests;
			productReference = 17B60EE81E8B0A92003B4A2F /* AdMob_dhbwTests.xctest */;
			productType = "com.apple.product-type.bundle.unit-test";
		};
		17B60EF21E8B0A92003B4A2F /* AdMob_dhbwUITests */ = {
			isa = PBXNativeTarget;
			buildConfigurationList = 17B60F021E8B0A92003B4A2F /* Build configuration list for PBXNativeTarget "AdMob_dhbwUITests" */;
			buildPhases = (
				A73B74DB6B26570F3E0D1C8B /* [CP] Check Pods Manifest.lock */,
				17B60EEF1E8B0A92003B4A2F /* Sources */,
				17B60EF01E8B0A92003B4A2F /* Frameworks */,
				17B60EF11E8B0A92003B4A2F /* Resources */,
				508192049583E9AA814C92E7 /* [CP] Embed Pods Frameworks */,
				1D722BBE45C0410655216D83 /* [CP] Copy Pods Resources */,
			);
			buildRules = (
			);
			dependencies = (
				17B60EF51E8B0A92003B4A2F /* PBXTargetDependency */,
			);
			name = AdMob_dhbwUITests;
			productName = AdMob_dhbwUITests;
			productReference = 17B60EF31E8B0A92003B4A2F /* AdMob_dhbwUITests.xctest */;
			productType = "com.apple.product-type.bundle.ui-testing";
		};
/* End PBXNativeTarget section */

/* Begin PBXProject section */
		17B60ECC1E8B0A92003B4A2F /* Project object */ = {
			isa = PBXProject;
			attributes = {
				LastSwiftUpdateCheck = 0820;
				LastUpgradeCheck = 0820;
				ORGANIZATIONNAME = "Philipp Enke";
				TargetAttributes = {
					17B60ED31E8B0A92003B4A2F = {
						CreatedOnToolsVersion = 8.2.1;
						DevelopmentTeam = C23UW3NA42;
						ProvisioningStyle = Automatic;
					};
					17B60EE71E8B0A92003B4A2F = {
						CreatedOnToolsVersion = 8.2.1;
						DevelopmentTeam = 3DZ852B6GJ;
						ProvisioningStyle = Automatic;
						TestTargetID = 17B60ED31E8B0A92003B4A2F;
					};
					17B60EF21E8B0A92003B4A2F = {
						CreatedOnToolsVersion = 8.2.1;
						DevelopmentTeam = 3DZ852B6GJ;
						ProvisioningStyle = Automatic;
						TestTargetID = 17B60ED31E8B0A92003B4A2F;
					};
				};
			};
			buildConfigurationList = 17B60ECF1E8B0A92003B4A2F /* Build configuration list for PBXProject "AdMob_dhbw" */;
			compatibilityVersion = "Xcode 3.2";
			developmentRegion = English;
			hasScannedForEncodings = 0;
			knownRegions = (
				en,
				Base,
			);
			mainGroup = 17B60ECB1E8B0A92003B4A2F;
			productRefGroup = 17B60ED51E8B0A92003B4A2F /* Products */;
			projectDirPath = "";
			projectRoot = "";
			targets = (
				17B60ED31E8B0A92003B4A2F /* AdMob_dhbw */,
				17B60EE71E8B0A92003B4A2F /* AdMob_dhbwTests */,
				17B60EF21E8B0A92003B4A2F /* AdMob_dhbwUITests */,
			);
		};
/* End PBXProject section */

/* Begin PBXResourcesBuildPhase section */
		17B60ED21E8B0A92003B4A2F /* Resources */ = {
			isa = PBXResourcesBuildPhase;
			buildActionMask = 2147483647;
			files = (
				17B60EE21E8B0A92003B4A2F /* LaunchScreen.storyboard in Resources */,
				17B60EDF1E8B0A92003B4A2F /* Assets.xcassets in Resources */,
				17B60EDD1E8B0A92003B4A2F /* Main.storyboard in Resources */,
			);
			runOnlyForDeploymentPostprocessing = 0;
		};
		17B60EE61E8B0A92003B4A2F /* Resources */ = {
			isa = PBXResourcesBuildPhase;
			buildActionMask = 2147483647;
			files = (
			);
			runOnlyForDeploymentPostprocessing = 0;
		};
		17B60EF11E8B0A92003B4A2F /* Resources */ = {
			isa = PBXResourcesBuildPhase;
			buildActionMask = 2147483647;
			files = (
			);
			runOnlyForDeploymentPostprocessing = 0;
		};
/* End PBXResourcesBuildPhase section */

/* Begin PBXShellScriptBuildPhase section */
		1D722BBE45C0410655216D83 /* [CP] Copy Pods Resources */ = {
			isa = PBXShellScriptBuildPhase;
			buildActionMask = 2147483647;
			files = (
			);
			inputPaths = (
			);
			name = "[CP] Copy Pods Resources";
			outputPaths = (
			);
			runOnlyForDeploymentPostprocessing = 0;
			shellPath = /bin/sh;
			shellScript = "\"${SRCROOT}/Pods/Target Support Files/Pods-AdMob_dhbwUITests/Pods-AdMob_dhbwUITests-resources.sh\"\n";
			showEnvVarsInLog = 0;
		};
		508192049583E9AA814C92E7 /* [CP] Embed Pods Frameworks */ = {
			isa = PBXShellScriptBuildPhase;
			buildActionMask = 2147483647;
			files = (
			);
			inputPaths = (
			);
			name = "[CP] Embed Pods Frameworks";
			outputPaths = (
			);
			runOnlyForDeploymentPostprocessing = 0;
			shellPath = /bin/sh;
			shellScript = "\"${SRCROOT}/Pods/Target Support Files/Pods-AdMob_dhbwUITests/Pods-AdMob_dhbwUITests-frameworks.sh\"\n";
			showEnvVarsInLog = 0;
		};
		6D492479341965EFD90CA077 /* [CP] Embed Pods Frameworks */ = {
			isa = PBXShellScriptBuildPhase;
			buildActionMask = 2147483647;
			files = (
			);
			inputPaths = (
			);
			name = "[CP] Embed Pods Frameworks";
			outputPaths = (
			);
			runOnlyForDeploymentPostprocessing = 0;
			shellPath = /bin/sh;
			shellScript = "\"${SRCROOT}/Pods/Target Support Files/Pods-AdMob_dhbwTests/Pods-AdMob_dhbwTests-frameworks.sh\"\n";
			showEnvVarsInLog = 0;
		};
		6DFACDFAA2D2FF53CEBD7A49 /* [CP] Check Pods Manifest.lock */ = {
			isa = PBXShellScriptBuildPhase;
			buildActionMask = 2147483647;
			files = (
			);
			inputPaths = (
			);
			name = "[CP] Check Pods Manifest.lock";
			outputPaths = (
			);
			runOnlyForDeploymentPostprocessing = 0;
			shellPath = /bin/sh;
			shellScript = "diff \"${PODS_ROOT}/../Podfile.lock\" \"${PODS_ROOT}/Manifest.lock\" > /dev/null\nif [ $? != 0 ] ; then\n    # print error to STDERR\n    echo \"error: The sandbox is not in sync with the Podfile.lock. Run 'pod install' or update your CocoaPods installation.\" >&2\n    exit 1\nfi\n";
			showEnvVarsInLog = 0;
		};
		7B999B60AD304798C755D8E2 /* [CP] Copy Pods Resources */ = {
			isa = PBXShellScriptBuildPhase;
			buildActionMask = 2147483647;
			files = (
			);
			inputPaths = (
			);
			name = "[CP] Copy Pods Resources";
			outputPaths = (
			);
			runOnlyForDeploymentPostprocessing = 0;
			shellPath = /bin/sh;
			shellScript = "\"${SRCROOT}/Pods/Target Support Files/Pods-AdMob_dhbwTests/Pods-AdMob_dhbwTests-resources.sh\"\n";
			showEnvVarsInLog = 0;
		};
		81DB77D73F51EBFB9FDE3669 /* [CP] Check Pods Manifest.lock */ = {
			isa = PBXShellScriptBuildPhase;
			buildActionMask = 2147483647;
			files = (
			);
			inputPaths = (
			);
			name = "[CP] Check Pods Manifest.lock";
			outputPaths = (
			);
			runOnlyForDeploymentPostprocessing = 0;
			shellPath = /bin/sh;
			shellScript = "diff \"${PODS_ROOT}/../Podfile.lock\" \"${PODS_ROOT}/Manifest.lock\" > /dev/null\nif [ $? != 0 ] ; then\n    # print error to STDERR\n    echo \"error: The sandbox is not in sync with the Podfile.lock. Run 'pod install' or update your CocoaPods installation.\" >&2\n    exit 1\nfi\n";
			showEnvVarsInLog = 0;
		};
		90F428B1F8178ED5BCE51573 /* [CP] Embed Pods Frameworks */ = {
			isa = PBXShellScriptBuildPhase;
			buildActionMask = 2147483647;
			files = (
			);
			inputPaths = (
			);
			name = "[CP] Embed Pods Frameworks";
			outputPaths = (
			);
			runOnlyForDeploymentPostprocessing = 0;
			shellPath = /bin/sh;
			shellScript = "\"${SRCROOT}/Pods/Target Support Files/Pods-AdMob_dhbw/Pods-AdMob_dhbw-frameworks.sh\"\n";
			showEnvVarsInLog = 0;
		};
		A73B74DB6B26570F3E0D1C8B /* [CP] Check Pods Manifest.lock */ = {
			isa = PBXShellScriptBuildPhase;
			buildActionMask = 2147483647;
			files = (
			);
			inputPaths = (
			);
			name = "[CP] Check Pods Manifest.lock";
			outputPaths = (
			);
			runOnlyForDeploymentPostprocessing = 0;
			shellPath = /bin/sh;
			shellScript = "diff \"${PODS_ROOT}/../Podfile.lock\" \"${PODS_ROOT}/Manifest.lock\" > /dev/null\nif [ $? != 0 ] ; then\n    # print error to STDERR\n    echo \"error: The sandbox is not in sync with the Podfile.lock. Run 'pod install' or update your CocoaPods installation.\" >&2\n    exit 1\nfi\n";
			showEnvVarsInLog = 0;
		};
		FD421EC24FAC14EDD34638E2 /* [CP] Copy Pods Resources */ = {
			isa = PBXShellScriptBuildPhase;
			buildActionMask = 2147483647;
			files = (
			);
			inputPaths = (
			);
			name = "[CP] Copy Pods Resources";
			outputPaths = (
			);
			runOnlyForDeploymentPostprocessing = 0;
			shellPath = /bin/sh;
			shellScript = "\"${SRCROOT}/Pods/Target Support Files/Pods-AdMob_dhbw/Pods-AdMob_dhbw-resources.sh\"\n";
			showEnvVarsInLog = 0;
		};
/* End PBXShellScriptBuildPhase section */

/* Begin PBXSourcesBuildPhase section */
		17B60ED01E8B0A92003B4A2F /* Sources */ = {
			isa = PBXSourcesBuildPhase;
			buildActionMask = 2147483647;
			files = (
				17B60ED81E8B0A92003B4A2F /* AppDelegate.swift in Sources */,
				1734E3A01EC070BE00359F14 /* TableViewController.swift in Sources */,
			);
			runOnlyForDeploymentPostprocessing = 0;
		};
		17B60EE41E8B0A92003B4A2F /* Sources */ = {
			isa = PBXSourcesBuildPhase;
			buildActionMask = 2147483647;
			files = (
				17B60EED1E8B0A92003B4A2F /* AdMob_dhbwTests.swift in Sources */,
			);
			runOnlyForDeploymentPostprocessing = 0;
		};
		17B60EEF1E8B0A92003B4A2F /* Sources */ = {
			isa = PBXSourcesBuildPhase;
			buildActionMask = 2147483647;
			files = (
				17B60EF81E8B0A92003B4A2F /* AdMob_dhbwUITests.swift in Sources */,
			);
			runOnlyForDeploymentPostprocessing = 0;
		};
/* End PBXSourcesBuildPhase section */

/* Begin PBXTargetDependency section */
		17B60EEA1E8B0A92003B4A2F /* PBXTargetDependency */ = {
			isa = PBXTargetDependency;
			target = 17B60ED31E8B0A92003B4A2F /* AdMob_dhbw */;
			targetProxy = 17B60EE91E8B0A92003B4A2F /* PBXContainerItemProxy */;
		};
		17B60EF51E8B0A92003B4A2F /* PBXTargetDependency */ = {
			isa = PBXTargetDependency;
			target = 17B60ED31E8B0A92003B4A2F /* AdMob_dhbw */;
			targetProxy = 17B60EF41E8B0A92003B4A2F /* PBXContainerItemProxy */;
		};
/* End PBXTargetDependency section */

/* Begin PBXVariantGroup section */
		17B60EDB1E8B0A92003B4A2F /* Main.storyboard */ = {
			isa = PBXVariantGroup;
			children = (
				17B60EDC1E8B0A92003B4A2F /* Base */,
			);
			name = Main.storyboard;
			sourceTree = "<group>";
		};
		17B60EE01E8B0A92003B4A2F /* LaunchScreen.storyboard */ = {
			isa = PBXVariantGroup;
			children = (
				17B60EE11E8B0A92003B4A2F /* Base */,
			);
			name = LaunchScreen.storyboard;
			sourceTree = "<group>";
		};
/* End PBXVariantGroup section */

/* Begin XCBuildConfiguration section */
		17B60EFA1E8B0A92003B4A2F /* Debug */ = {
			isa = XCBuildConfiguration;
			buildSettings = {
				ALWAYS_SEARCH_USER_PATHS = NO;
				CLANG_ANALYZER_NONNULL = YES;
				CLANG_CXX_LANGUAGE_STANDARD = "gnu++0x";
				CLANG_CXX_LIBRARY = "libc++";
				CLANG_ENABLE_MODULES = YES;
				CLANG_ENABLE_OBJC_ARC = YES;
				CLANG_WARN_BOOL_CONVERSION = YES;
				CLANG_WARN_CONSTANT_CONVERSION = YES;
				CLANG_WARN_DIRECT_OBJC_ISA_USAGE = YES_ERROR;
				CLANG_WARN_DOCUMENTATION_COMMENTS = YES;
				CLANG_WARN_EMPTY_BODY = YES;
				CLANG_WARN_ENUM_CONVERSION = YES;
				CLANG_WARN_INFINITE_RECURSION = YES;
				CLANG_WARN_INT_CONVERSION = YES;
				CLANG_WARN_OBJC_ROOT_CLASS = YES_ERROR;
				CLANG_WARN_SUSPICIOUS_MOVE = YES;
				CLANG_WARN_UNREACHABLE_CODE = YES;
				CLANG_WARN__DUPLICATE_METHOD_MATCH = YES;
				"CODE_SIGN_IDENTITY[sdk=iphoneos*]" = "iPhone Developer";
				COPY_PHASE_STRIP = NO;
				DEBUG_INFORMATION_FORMAT = dwarf;
				ENABLE_STRICT_OBJC_MSGSEND = YES;
				ENABLE_TESTABILITY = YES;
				GCC_C_LANGUAGE_STANDARD = gnu99;
				GCC_DYNAMIC_NO_PIC = NO;
				GCC_NO_COMMON_BLOCKS = YES;
				GCC_OPTIMIZATION_LEVEL = 0;
				GCC_PREPROCESSOR_DEFINITIONS = (
					"DEBUG=1",
					"$(inherited)",
				);
				GCC_WARN_64_TO_32_BIT_CONVERSION = YES;
				GCC_WARN_ABOUT_RETURN_TYPE = YES_ERROR;
				GCC_WARN_UNDECLARED_SELECTOR = YES;
				GCC_WARN_UNINITIALIZED_AUTOS = YES_AGGRESSIVE;
				GCC_WARN_UNUSED_FUNCTION = YES;
				GCC_WARN_UNUSED_VARIABLE = YES;
				IPHONEOS_DEPLOYMENT_TARGET = 10.2;
				MTL_ENABLE_DEBUG_INFO = YES;
				ONLY_ACTIVE_ARCH = YES;
				SDKROOT = iphoneos;
				SWIFT_ACTIVE_COMPILATION_CONDITIONS = DEBUG;
				SWIFT_OPTIMIZATION_LEVEL = "-Onone";
				TARGETED_DEVICE_FAMILY = "1,2";
			};
			name = Debug;
		};
		17B60EFB1E8B0A92003B4A2F /* Release */ = {
			isa = XCBuildConfiguration;
			buildSettings = {
				ALWAYS_SEARCH_USER_PATHS = NO;
				CLANG_ANALYZER_NONNULL = YES;
				CLANG_CXX_LANGUAGE_STANDARD = "gnu++0x";
				CLANG_CXX_LIBRARY = "libc++";
				CLANG_ENABLE_MODULES = YES;
				CLANG_ENABLE_OBJC_ARC = YES;
				CLANG_WARN_BOOL_CONVERSION = YES;
				CLANG_WARN_CONSTANT_CONVERSION = YES;
				CLANG_WARN_DIRECT_OBJC_ISA_USAGE = YES_ERROR;
				CLANG_WARN_DOCUMENTATION_COMMENTS = YES;
				CLANG_WARN_EMPTY_BODY = YES;
				CLANG_WARN_ENUM_CONVERSION = YES;
				CLANG_WARN_INFINITE_RECURSION = YES;
				CLANG_WARN_INT_CONVERSION = YES;
				CLANG_WARN_OBJC_ROOT_CLASS = YES_ERROR;
				CLANG_WARN_SUSPICIOUS_MOVE = YES;
				CLANG_WARN_UNREACHABLE_CODE = YES;
				CLANG_WARN__DUPLICATE_METHOD_MATCH = YES;
				"CODE_SIGN_IDENTITY[sdk=iphoneos*]" = "iPhone Developer";
				COPY_PHASE_STRIP = NO;
				DEBUG_INFORMATION_FORMAT = "dwarf-with-dsym";
				ENABLE_NS_ASSERTIONS = NO;
				ENABLE_STRICT_OBJC_MSGSEND = YES;
				GCC_C_LANGUAGE_STANDARD = gnu99;
				GCC_NO_COMMON_BLOCKS = YES;
				GCC_WARN_64_TO_32_BIT_CONVERSION = YES;
				GCC_WARN_ABOUT_RETURN_TYPE = YES_ERROR;
				GCC_WARN_UNDECLARED_SELECTOR = YES;
				GCC_WARN_UNINITIALIZED_AUTOS = YES_AGGRESSIVE;
				GCC_WARN_UNUSED_FUNCTION = YES;
				GCC_WARN_UNUSED_VARIABLE = YES;
				IPHONEOS_DEPLOYMENT_TARGET = 10.2;
				MTL_ENABLE_DEBUG_INFO = NO;
				SDKROOT = iphoneos;
				SWIFT_OPTIMIZATION_LEVEL = "-Owholemodule";
				TARGETED_DEVICE_FAMILY = "1,2";
				VALIDATE_PRODUCT = YES;
			};
			name = Release;
		};
		17B60EFD1E8B0A92003B4A2F /* Debug */ = {
			isa = XCBuildConfiguration;
			baseConfigurationReference = 85CC5B999D8DCCF39C98F588 /* Pods-AdMob_dhbw.debug.xcconfig */;
			buildSettings = {
				ASSETCATALOG_COMPILER_APPICON_NAME = AppIcon;
				"CODE_SIGN_IDENTITY[sdk=iphoneos*]" = "iPhone Developer";
				DEVELOPMENT_TEAM = C23UW3NA42;
				INFOPLIST_FILE = AdMob_dhbw/Info.plist;
				LD_RUNPATH_SEARCH_PATHS = "$(inherited) @executable_path/Frameworks";
				PRODUCT_BUNDLE_IDENTIFIER = "pe.AdMob-dhbw";
				PRODUCT_NAME = "$(TARGET_NAME)";
				SWIFT_VERSION = 3.0;
			};
			name = Debug;
		};
		17B60EFE1E8B0A92003B4A2F /* Release */ = {
			isa = XCBuildConfiguration;
			baseConfigurationReference = B5655D859173168081095780 /* Pods-AdMob_dhbw.release.xcconfig */;
			buildSettings = {
				ASSETCATALOG_COMPILER_APPICON_NAME = AppIcon;
				"CODE_SIGN_IDENTITY[sdk=iphoneos*]" = "iPhone Developer";
				DEVELOPMENT_TEAM = C23UW3NA42;
				INFOPLIST_FILE = AdMob_dhbw/Info.plist;
				LD_RUNPATH_SEARCH_PATHS = "$(inherited) @executable_path/Frameworks";
				PRODUCT_BUNDLE_IDENTIFIER = "pe.AdMob-dhbw";
				PRODUCT_NAME = "$(TARGET_NAME)";
				SWIFT_VERSION = 3.0;
			};
			name = Release;
		};
		17B60F001E8B0A92003B4A2F /* Debug */ = {
			isa = XCBuildConfiguration;
			baseConfigurationReference = 814CA75D1C5B988DB52B649E /* Pods-AdMob_dhbwTests.debug.xcconfig */;
			buildSettings = {
				ALWAYS_EMBED_SWIFT_STANDARD_LIBRARIES = YES;
				BUNDLE_LOADER = "$(TEST_HOST)";
				DEVELOPMENT_TEAM = 3DZ852B6GJ;
				INFOPLIST_FILE = AdMob_dhbwTests/Info.plist;
				LD_RUNPATH_SEARCH_PATHS = "$(inherited) @executable_path/Frameworks @loader_path/Frameworks";
				PRODUCT_BUNDLE_IDENTIFIER = "pe.AdMob-dhbwTests";
				PRODUCT_NAME = "$(TARGET_NAME)";
				SWIFT_VERSION = 3.0;
				TEST_HOST = "$(BUILT_PRODUCTS_DIR)/AdMob_dhbw.app/AdMob_dhbw";
			};
			name = Debug;
		};
		17B60F011E8B0A92003B4A2F /* Release */ = {
			isa = XCBuildConfiguration;
			baseConfigurationReference = 7952FB199D7D046F7DE5AD7A /* Pods-AdMob_dhbwTests.release.xcconfig */;
			buildSettings = {
				ALWAYS_EMBED_SWIFT_STANDARD_LIBRARIES = YES;
				BUNDLE_LOADER = "$(TEST_HOST)";
				DEVELOPMENT_TEAM = 3DZ852B6GJ;
				INFOPLIST_FILE = AdMob_dhbwTests/Info.plist;
				LD_RUNPATH_SEARCH_PATHS = "$(inherited) @executable_path/Frameworks @loader_path/Frameworks";
				PRODUCT_BUNDLE_IDENTIFIER = "pe.AdMob-dhbwTests";
				PRODUCT_NAME = "$(TARGET_NAME)";
				SWIFT_VERSION = 3.0;
				TEST_HOST = "$(BUILT_PRODUCTS_DIR)/AdMob_dhbw.app/AdMob_dhbw";
			};
			name = Release;
		};
		17B60F031E8B0A92003B4A2F /* Debug */ = {
			isa = XCBuildConfiguration;
			baseConfigurationReference = 49DED5188576BDA429F71EEF /* Pods-AdMob_dhbwUITests.debug.xcconfig */;
			buildSettings = {
				ALWAYS_EMBED_SWIFT_STANDARD_LIBRARIES = YES;
				DEVELOPMENT_TEAM = 3DZ852B6GJ;
				INFOPLIST_FILE = AdMob_dhbwUITests/Info.plist;
				LD_RUNPATH_SEARCH_PATHS = "$(inherited) @executable_path/Frameworks @loader_path/Frameworks";
				PRODUCT_BUNDLE_IDENTIFIER = "pe.AdMob-dhbwUITests";
				PRODUCT_NAME = "$(TARGET_NAME)";
				SWIFT_VERSION = 3.0;
				TEST_TARGET_NAME = AdMob_dhbw;
			};
			name = Debug;
		};
		17B60F041E8B0A92003B4A2F /* Release */ = {
			isa = XCBuildConfiguration;
			baseConfigurationReference = D48E5C11B3694546D7BE2AF9 /* Pods-AdMob_dhbwUITests.release.xcconfig */;
			buildSettings = {
				ALWAYS_EMBED_SWIFT_STANDARD_LIBRARIES = YES;
				DEVELOPMENT_TEAM = 3DZ852B6GJ;
				INFOPLIST_FILE = AdMob_dhbwUITests/Info.plist;
				LD_RUNPATH_SEARCH_PATHS = "$(inherited) @executable_path/Frameworks @loader_path/Frameworks";
				PRODUCT_BUNDLE_IDENTIFIER = "pe.AdMob-dhbwUITests";
				PRODUCT_NAME = "$(TARGET_NAME)";
				SWIFT_VERSION = 3.0;
				TEST_TARGET_NAME = AdMob_dhbw;
			};
			name = Release;
		};
/* End XCBuildConfiguration section */

/* Begin XCConfigurationList section */
		17B60ECF1E8B0A92003B4A2F /* Build configuration list for PBXProject "AdMob_dhbw" */ = {
			isa = XCConfigurationList;
			buildConfigurations = (
				17B60EFA1E8B0A92003B4A2F /* Debug */,
				17B60EFB1E8B0A92003B4A2F /* Release */,
			);
			defaultConfigurationIsVisible = 0;
			defaultConfigurationName = Release;
		};
		17B60EFC1E8B0A92003B4A2F /* Build configuration list for PBXNativeTarget "AdMob_dhbw" */ = {
			isa = XCConfigurationList;
			buildConfigurations = (
				17B60EFD1E8B0A92003B4A2F /* Debug */,
				17B60EFE1E8B0A92003B4A2F /* Release */,
			);
			defaultConfigurationIsVisible = 0;
			defaultConfigurationName = Release;
		};
		17B60EFF1E8B0A92003B4A2F /* Build configuration list for PBXNativeTarget "AdMob_dhbwTests" */ = {
			isa = XCConfigurationList;
			buildConfigurations = (
				17B60F001E8B0A92003B4A2F /* Debug */,
				17B60F011E8B0A92003B4A2F /* Release */,
			);
			defaultConfigurationIsVisible = 0;
			defaultConfigurationName = Release;
		};
		17B60F021E8B0A92003B4A2F /* Build configuration list for PBXNativeTarget "AdMob_dhbwUITests" */ = {
			isa = XCConfigurationList;
			buildConfigurations = (
				17B60F031E8B0A92003B4A2F /* Debug */,
				17B60F041E8B0A92003B4A2F /* Release */,
			);
			defaultConfigurationIsVisible = 0;
			defaultConfigurationName = Release;
		};
/* End XCConfigurationList section */
	};
	rootObject = 17B60ECC1E8B0A92003B4A2F /* Project object */;
}
